# This file is automatically @generated by Poetry 1.6.1 and should not be changed by hand.

[[package]]
name = "sly"
version = "0.5"
description = "\"SLY - Sly Lex Yacc\""
optional = false
python-versions = "*"
files = []
develop = false

[package.source]
type = "git"
url = "https://github.com/dabeaz/sly.git"
reference = "HEAD"
resolved_reference = "33d4f5afc04c9cae78bd7dc094e08badc738409e"

[metadata]
lock-version = "2.0"
python-versions = "^3.11"
content-hash = "80696589c9b5f9878cd799a8a9877eb74dcf079aa496abda5bbcb21800fdde27"
